{
  "name": "supaterm-e2e-model-server",
  "lockfileVersion": 3,
  "requires": true,
  "packages": {
    "": {
      "name": "supaterm-e2e-model-server",
      "dependencies": {
        "@copilotkit/aimock": "1.39.0"
      }
    },
    "node_modules/@copilotkit/aimock": {
      "version": "1.39.0",
      "resolved": "https://registry.npmjs.org/@copilotkit/aimock/-/aimock-1.39.0.tgz",
      "integrity": "sha512-AWw4vmW2hBchHoggh0G4McWGmGZD6wtXAehL6K5ncWF5lVIjlv++bPmxmRwrpQCi/K4/xK10N9Zp9srJYipEJw==",
      "license": "MIT",
      "bin": {
        "aimock": "dist/aimock-cli.js",
        "llmock": "dist/cli.js"
      },
      "engines": {
        "node": ">=20.15.0"
      },
      "peerDependencies": {
        "jest": ">=29",
        "vitest": ">=3"
      },
      "peerDependenciesMeta": {
        "jest": {
          "optional": true
        },
        "vitest": {
          "optional": true
        }
      }
    }
  }
}
